{
  "name": "@bobaboard/boba-client",
  "version": "0.0.1",
  "lockfileVersion": 3,
  "requires": true,
  "packages": {
    "": {
      "name": "@bobaboard/boba-client",
      "version": "0.0.1",
      "license": "MIT",
      "peerDependencies": {
        "@bobaboard/boba-api": "file:../boba-api"
      }
    },
    "../boba-api": {
      "name": "@bobaboard/boba-api",
      "version": "0.0.1",
      "license": "MIT",
      "peer": true
    },
    "node_modules/@bobaboard/boba-api": {
      "resolved": "../boba-api",
      "link": true
    }
  }
}
